
Microsoft Visual Studio Solution File, Format Version 12.00
# Visual Studio 14
VisualStudioVersion = 14.0.25420.1
MinimumVisualStudioVersion = 10.0.40219.1
Project("{FAE04EC0-301F-11D3-BF4B-00C04F79EFBC}") = "ConsoleApplication1", "ConsoleApplication1\ConsoleApplication1.csproj", "{54038B86-ECCC-4455-B020-9447235B8ECE}"
EndProject
Project("{FAE04EC0-301F-11D3-BF4B-00C04F79EFBC}") = "InputOuputClass", "InputOuputClass\InputOuputClass.csproj", "{684549B2-D351-47AA-A4EE-41A9E39F9A55}"
EndProject
Project("{FAE04EC0-301F-11D3-BF4B-00C04F79EFBC}") = "RecipeProject", "RecipeProject\RecipeProject.csproj", "{984A6193-73C5-42A1-B1D5-2345A548C5C1}"
EndProject
Global
	GlobalSection(SolutionConfigurationPlatforms) = preSolution
		Debug|Any CPU = Debug|Any CPU
		Release|Any CPU = Release|Any CPU
	EndGlobalSection
	GlobalSection(ProjectConfigurationPlatforms) = postSolution
		{54038B86-ECCC-4455-B020-9447235B8ECE}.Debug|Any CPU.ActiveCfg = Debug|Any CPU
		{54038B86-ECCC-4455-B020-9447235B8ECE}.Debug|Any CPU.Build.0 = Debug|Any CPU
		{54038B86-ECCC-4455-B020-9447235B8ECE}.Release|Any CPU.ActiveCfg = Release|Any CPU
		{54038B86-ECCC-4455-B020-9447235B8ECE}.Release|Any CPU.Build.0 = Release|Any CPU
		{684549B2-D351-47AA-A4EE-41A9E39F9A55}.Debug|Any CPU.ActiveCfg = Debug|Any CPU
		{684549B2-D351-47AA-A4EE-41A9E39F9A55}.Debug|Any CPU.Build.0 = Debug|Any CPU
		{684549B2-D351-47AA-A4EE-41A9E39F9A55}.Release|Any CPU.ActiveCfg = Release|Any CPU
		{684549B2-D351-47AA-A4EE-41A9E39F9A55}.Release|Any CPU.Build.0 = Release|Any CPU
		{984A6193-73C5-42A1-B1D5-2345A548C5C1}.Debug|Any CPU.ActiveCfg = Debug|Any CPU
		{984A6193-73C5-42A1-B1D5-2345A548C5C1}.Debug|Any CPU.Build.0 = Debug|Any CPU
		{984A6193-73C5-42A1-B1D5-2345A548C5C1}.Release|Any CPU.ActiveCfg = Release|Any CPU
		{984A6193-73C5-42A1-B1D5-2345A548C5C1}.Release|Any CPU.Build.0 = Release|Any CPU
	EndGlobalSection
	GlobalSection(SolutionProperties) = preSolution
		HideSolutionNode = FALSE
	EndGlobalSection
EndGlobal
